// !$*UTF8*$!
{
	archiveVersion = 1;
	classes = {
	};
	objectVersion = 46;
	objects = {

/* Begin PBXBuildFile section */
		494DAF1A1D43E78100C90E2C /* AppDelegate.swift in Sources */ = {isa = PBXBuildFile; fileRef = 494DAF191D43E78100C90E2C /* AppDelegate.swift */; };
		494DAF1C1D43E78100C90E2C /* ViewController.swift in Sources */ = {isa = PBXBuildFile; fileRef = 494DAF1B1D43E78100C90E2C /* ViewController.swift */; };
		494DAF1F1D43E78100C90E2C /* Main.storyboard in Resources */ = {isa = PBXBuildFile; fileRef = 494DAF1D1D43E78100C90E2C /* Main.storyboard */; };
		494DAF211D43E78100C90E2C /* Assets.xcassets in Resources */ = {isa = PBXBuildFile; fileRef = 494DAF201D43E78100C90E2C /* Assets.xcassets */; };
		494DAF241D43E78100C90E2C /* LaunchScreen.storyboard in Resources */ = {isa = PBXBuildFile; fileRef = 494DAF221D43E78100C90E2C /* LaunchScreen.storyboard */; };
		494DAF2F1D43E78100C90E2C /* Word_FlakesTests.swift in Sources */ = {isa = PBXBuildFile; fileRef = 494DAF2E1D43E78100C90E2C /* Word_FlakesTests.swift */; };
/* End PBXBuildFile section */

/* Begin PBXContainerItemProxy section */
		494DAF2B1D43E78100C90E2C /* PBXContainerItemProxy */ = {
			isa = PBXContainerItemProxy;
			containerPortal = 494DAF0E1D43E78100C90E2C /* Project object */;
			proxyType = 1;
			remoteGlobalIDString = 494DAF151D43E78100C90E2C;
			remoteInfo = "Word Flakes";
		};
/* End PBXContainerItemProxy section */

/* Begin PBXFileReference section */
		494DAF161D43E78100C90E2C /* Word Flakes.app */ = {isa = PBXFileReference; explicitFileType = wrapper.application; includeInIndex = 0; path = "Word Flakes.app"; sourceTree = BUILT_PRODUCTS_DIR; };
		494DAF191D43E78100C90E2C /* AppDelegate.swift */ = {isa = PBXFileReference; lastKnownFileType = sourcecode.swift; path = AppDelegate.swift; sourceTree = "<group>"; };
		494DAF1B1D43E78100C90E2C /* ViewController.swift */ = {isa = PBXFileReference; lastKnownFileType = sourcecode.swift; path = ViewController.swift; sourceTree = "<group>"; };
		494DAF1E1D43E78100C90E2C /* Base */ = {isa = PBXFileReference; lastKnownFileType = file.storyboard; name = Base; path = Base.lproj/Main.storyboard; sourceTree = "<group>"; };
		494DAF201D43E78100C90E2C /* Assets.xcassets */ = {isa = PBXFileReference; lastKnownFileType = folder.assetcatalog; path = Assets.xcassets; sourceTree = "<group>"; };
		494DAF231D43E78100C90E2C /* Base */ = {isa = PBXFileReference; lastKnownFileType = file.storyboard; name = Base; path = Base.lproj/LaunchScreen.storyboard; sourceTree = "<group>"; };
		494DAF251D43E78100C90E2C /* Info.plist */ = {isa = PBXFileReference; lastKnownFileType = text.plist.xml; path = Info.plist; sourceTree = "<group>"; };
		494DAF2A1D43E78100C90E2C /* Word FlakesTests.xctest */ = {isa = PBXFileReference; explicitFileType = wrapper.cfbundle; includeInIndex = 0; path = "Word FlakesTests.xctest"; sourceTree = BUILT_PRODUCTS_DIR; };
		494DAF2E1D43E78100C90E2C /* Word_FlakesTests.swift */ = {isa = PBXFileReference; lastKnownFileType = sourcecode.swift; path = Word_FlakesTests.swift; sourceTree = "<group>"; };
		494DAF301D43E78100C90E2C /* Info.plist */ = {isa = PBXFileReference; lastKnownFileType = text.plist.xml; path = Info.plist; sourceTree = "<group>"; };
/* End PBXFileReference section */

/* Begin PBXFrameworksBuildPhase section */
		494DAF131D43E78100C90E2C /* Frameworks */ = {
			isa = PBXFrameworksBuildPhase;
			buildActionMask = 2147483647;
			files = (
			);
			runOnlyForDeploymentPostprocessing = 0;
		};
		494DAF271D43E78100C90E2C /* Frameworks */ = {
			isa = PBXFrameworksBuildPhase;
			buildActionMask = 2147483647;
			files = (
			);
			runOnlyForDeploymentPostprocessing = 0;
		};
/* End PBXFrameworksBuildPhase section */

/* Begin PBXGroup section */
		494DAF0D1D43E78100C90E2C = {
			isa = PBXGroup;
			children = (
				494DAF181D43E78100C90E2C /* Word Flakes */,
				494DAF2D1D43E78100C90E2C /* Word FlakesTests */,
				494DAF171D43E78100C90E2C /* Products */,
			);
			sourceTree = "<group>";
		};
		494DAF171D43E78100C90E2C /* Products */ = {
			isa = PBXGroup;
			children = (
				494DAF161D43E78100C90E2C /* Word Flakes.app */,
				494DAF2A1D43E78100C90E2C /* Word FlakesTests.xctest */,
			);
			name = Products;
			sourceTree = "<group>";
		};
		494DAF181D43E78100C90E2C /* Word Flakes */ = {
			isa = PBXGroup;
			children = (
				494DAF191D43E78100C90E2C /* AppDelegate.swift */,
				494DAF1B1D43E78100C90E2C /* ViewController.swift */,
				494DAF1D1D43E78100C90E2C /* Main.storyboard */,
				494DAF201D43E78100C90E2C /* Assets.xcassets */,
				494DAF221D43E78100C90E2C /* LaunchScreen.storyboard */,
				494DAF251D43E78100C90E2C /* Info.plist */,
			);
			path = "Word Flakes";
			sourceTree = "<group>";
		};
		494DAF2D1D43E78100C90E2C /* Word FlakesTests */ = {
			isa = PBXGroup;
			children = (
				494DAF2E1D43E78100C90E2C /* Word_FlakesTests.swift */,
				494DAF301D43E78100C90E2C /* Info.plist */,
			);
			path = "Word FlakesTests";
			sourceTree = "<group>";
		};
/* End PBXGroup section */

/* Begin PBXNativeTarget section */
		494DAF151D43E78100C90E2C /* Word Flakes */ = {
			isa = PBXNativeTarget;
			buildConfigurationList = 494DAF331D43E78100C90E2C /* Build configuration list for PBXNativeTarget "Word Flakes" */;
			buildPhases = (
				494DAF121D43E78100C90E2C /* Sources */,
				494DAF131D43E78100C90E2C /* Frameworks */,
				494DAF141D43E78100C90E2C /* Resources */,
			);
			buildRules = (
			);
			dependencies = (
			);
			name = "Word Flakes";
			productName = "Word Flakes";
			productReference = 494DAF161D43E78100C90E2C /* Word Flakes.app */;
			productType = "com.apple.product-type.application";
		};
		494DAF291D43E78100C90E2C /* Word FlakesTests */ = {
			isa = PBXNativeTarget;
			buildConfigurationList = 494DAF361D43E78100C90E2C /* Build configuration list for PBXNativeTarget "Word FlakesTests" */;
			buildPhases = (
				494DAF261D43E78100C90E2C /* Sources */,
				494DAF271D43E78100C90E2C /* Frameworks */,
				494DAF281D43E78100C90E2C /* Resources */,
			);
			buildRules = (
			);
			dependencies = (
				494DAF2C1D43E78100C90E2C /* PBXTargetDependency */,
			);
			name = "Word FlakesTests";
			productName = "Word FlakesTests";
			productReference = 494DAF2A1D43E78100C90E2C /* Word FlakesTests.xctest */;
			productType = "com.apple.product-type.bundle.unit-test";
		};
/* End PBXNativeTarget section */

/* Begin PBXProject section */
		494DAF0E1D43E78100C90E2C /* Project object */ = {
			isa = PBXProject;
			attributes = {
				LastSwiftUpdateCheck = 0730;
				LastUpgradeCheck = 0730;
				ORGANIZATIONNAME = "Organized Chaos";
				TargetAttributes = {
					494DAF151D43E78100C90E2C = {
						CreatedOnToolsVersion = 7.3.1;
					};
					494DAF291D43E78100C90E2C = {
						CreatedOnToolsVersion = 7.3.1;
						TestTargetID = 494DAF151D43E78100C90E2C;
					};
				};
			};
			buildConfigurationList = 494DAF111D43E78100C90E2C /* Build configuration list for PBXProject "Word Flakes" */;
			compatibilityVersion = "Xcode 3.2";
			developmentRegion = English;
			hasScannedForEncodings = 0;
			knownRegions = (
				en,
				Base,
			);
			mainGroup = 494DAF0D1D43E78100C90E2C;
			productRefGroup = 494DAF171D43E78100C90E2C /* Products */;
			projectDirPath = "";
			projectRoot = "";
			targets = (
				494DAF151D43E78100C90E2C /* Word Flakes */,
				494DAF291D43E78100C90E2C /* Word FlakesTests */,
			);
		};
/* End PBXProject section */

/* Begin PBXResourcesBuildPhase section */
		494DAF141D43E78100C90E2C /* Resources */ = {
			isa = PBXResourcesBuildPhase;
			buildActionMask = 2147483647;
			files = (
				494DAF241D43E78100C90E2C /* LaunchScreen.storyboard in Resources */,
				494DAF211D43E78100C90E2C /* Assets.xcassets in Resources */,
				494DAF1F1D43E78100C90E2C /* Main.storyboard in Resources */,
			);
			runOnlyForDeploymentPostprocessing = 0;
		};
		494DAF281D43E78100C90E2C /* Resources */ = {
			isa = PBXResourcesBuildPhase;
			buildActionMask = 2147483647;
			files = (
			);
			runOnlyForDeploymentPostprocessing = 0;
		};
/* End PBXResourcesBuildPhase section */

/* Begin PBXSourcesBuildPhase section */
		494DAF121D43E78100C90E2C /* Sources */ = {
			isa = PBXSourcesBuildPhase;
			buildActionMask = 2147483647;
			files = (
				494DAF1C1D43E78100C90E2C /* ViewController.swift in Sources */,
				494DAF1A1D43E78100C90E2C /* AppDelegate.swift in Sources */,
			);
			runOnlyForDeploymentPostprocessing = 0;
		};
		494DAF261D43E78100C90E2C /* Sources */ = {
			isa = PBXSourcesBuildPhase;
			buildActionMask = 2147483647;
			files = (
				494DAF2F1D43E78100C90E2C /* Word_FlakesTests.swift in Sources */,
			);
			runOnlyForDeploymentPostprocessing = 0;
		};
/* End PBXSourcesBuildPhase section */

/* Begin PBXTargetDependency section */
		494DAF2C1D43E78100C90E2C /* PBXTargetDependency */ = {
			isa = PBXTargetDependency;
			target = 494DAF151D43E78100C90E2C /* Word Flakes */;
			targetProxy = 494DAF2B1D43E78100C90E2C /* PBXContainerItemProxy */;
		};
/* End PBXTargetDependency section */

/* Begin PBXVariantGroup section */
		494DAF1D1D43E78100C90E2C /* Main.storyboard */ = {
			isa = PBXVariantGroup;
			children = (
				494DAF1E1D43E78100C90E2C /* Base */,
			);
			name = Main.storyboard;
			sourceTree = "<group>";
		};
		494DAF221D43E78100C90E2C /* LaunchScreen.storyboard */ = {
			isa = PBXVariantGroup;
			children = (
				494DAF231D43E78100C90E2C /* Base */,
			);
			name = LaunchScreen.storyboard;
			sourceTree = "<group>";
		};
/* End PBXVariantGroup section */

/* Begin XCBuildConfiguration section */
		494DAF311D43E78100C90E2C /* Debug */ = {
			isa = XCBuildConfiguration;
			buildSettings = {
				ALWAYS_SEARCH_USER_PATHS = NO;
				CLANG_ANALYZER_NONNULL = YES;
				CLANG_CXX_LANGUAGE_STANDARD = "gnu++0x";
				CLANG_CXX_LIBRARY = "libc++";
				CLANG_ENABLE_MODULES = YES;
				CLANG_ENABLE_OBJC_ARC = YES;
				CLANG_WARN_BOOL_CONVERSION = YES;
				CLANG_WARN_CONSTANT_CONVERSION = YES;
				CLANG_WARN_DIRECT_OBJC_ISA_USAGE = YES_ERROR;
				CLANG_WARN_EMPTY_BODY = YES;
				CLANG_WARN_ENUM_CONVERSION = YES;
				CLANG_WARN_INT_CONVERSION = YES;
				CLANG_WARN_OBJC_ROOT_CLASS = YES_ERROR;
				CLANG_WARN_UNREACHABLE_CODE = YES;
				CLANG_WARN__DUPLICATE_METHOD_MATCH = YES;
				"CODE_SIGN_IDENTITY[sdk=iphoneos*]" = "iPhone Developer";
				COPY_PHASE_STRIP = NO;
				DEBUG_INFORMATION_FORMAT = dwarf;
				ENABLE_STRICT_OBJC_MSGSEND = YES;
				ENABLE_TESTABILITY = YES;
				GCC_C_LANGUAGE_STANDARD = gnu99;
				GCC_DYNAMIC_NO_PIC = NO;
				GCC_NO_COMMON_BLOCKS = YES;
				GCC_OPTIMIZATION_LEVEL = 0;
				GCC_PREPROCESSOR_DEFINITIONS = (
					"DEBUG=1",
					"$(inherited)",
				);
				GCC_WARN_64_TO_32_BIT_CONVERSION = YES;
				GCC_WARN_ABOUT_RETURN_TYPE = YES_ERROR;
				GCC_WARN_UNDECLARED_SELECTOR = YES;
				GCC_WARN_UNINITIALIZED_AUTOS = YES_AGGRESSIVE;
				GCC_WARN_UNUSED_FUNCTION = YES;
				GCC_WARN_UNUSED_VARIABLE = YES;
				IPHONEOS_DEPLOYMENT_TARGET = 9.3;
				MTL_ENABLE_DEBUG_INFO = YES;
				ONLY_ACTIVE_ARCH = YES;
				SDKROOT = iphoneos;
				SWIFT_OPTIMIZATION_LEVEL = "-Onone";
				TARGETED_DEVICE_FAMILY = "1,2";
			};
			name = Debug;
		};
		494DAF321D43E78100C90E2C /* Release */ = {
			isa = XCBuildConfiguration;
			buildSettings = {
				ALWAYS_SEARCH_USER_PATHS = NO;
				CLANG_ANALYZER_NONNULL = YES;
				CLANG_CXX_LANGUAGE_STANDARD = "gnu++0x";
				CLANG_CXX_LIBRARY = "libc++";
				CLANG_ENABLE_MODULES = YES;
				CLANG_ENABLE_OBJC_ARC = YES;
				CLANG_WARN_BOOL_CONVERSION = YES;
				CLANG_WARN_CONSTANT_CONVERSION = YES;
				CLANG_WARN_DIRECT_OBJC_ISA_USAGE = YES_ERROR;
				CLANG_WARN_EMPTY_BODY = YES;
				CLANG_WARN_ENUM_CONVERSION = YES;
				CLANG_WARN_INT_CONVERSION = YES;
				CLANG_WARN_OBJC_ROOT_CLASS = YES_ERROR;
				CLANG_WARN_UNREACHABLE_CODE = YES;
				CLANG_WARN__DUPLICATE_METHOD_MATCH = YES;
				"CODE_SIGN_IDENTITY[sdk=iphoneos*]" = "iPhone Developer";
				COPY_PHASE_STRIP = NO;
				DEBUG_INFORMATION_FORMAT = "dwarf-with-dsym";
				ENABLE_NS_ASSERTIONS = NO;
				ENABLE_STRICT_OBJC_MSGSEND = YES;
				GCC_C_LANGUAGE_STANDARD = gnu99;
				GCC_NO_COMMON_BLOCKS = YES;
				GCC_WARN_64_TO_32_BIT_CONVERSION = YES;
				GCC_WARN_ABOUT_RETURN_TYPE = YES_ERROR;
				GCC_WARN_UNDECLARED_SELECTOR = YES;
				GCC_WARN_UNINITIALIZED_AUTOS = YES_AGGRESSIVE;
				GCC_WARN_UNUSED_FUNCTION = YES;
				GCC_WARN_UNUSED_VARIABLE = YES;
				IPHONEOS_DEPLOYMENT_TARGET = 9.3;
				MTL_ENABLE_DEBUG_INFO = NO;
				SDKROOT = iphoneos;
				TARGETED_DEVICE_FAMILY = "1,2";
				VALIDATE_PRODUCT = YES;
			};
			name = Release;
		};
		494DAF341D43E78100C90E2C /* Debug */ = {
			isa = XCBuildConfiguration;
			buildSettings = {
				ASSETCATALOG_COMPILER_APPICON_NAME = AppIcon;
				INFOPLIST_FILE = "Word Flakes/Info.plist";
				LD_RUNPATH_SEARCH_PATHS = "$(inherited) @executable_path/Frameworks";
				PRODUCT_BUNDLE_IDENTIFIER = "Organized-Chaos.Word-Flakes";
				PRODUCT_NAME = "$(TARGET_NAME)";
			};
			name = Debug;
		};
		494DAF351D43E78100C90E2C /* Release */ = {
			isa = XCBuildConfiguration;
			buildSettings = {
				ASSETCATALOG_COMPILER_APPICON_NAME = AppIcon;
				INFOPLIST_FILE = "Word Flakes/Info.plist";
				LD_RUNPATH_SEARCH_PATHS = "$(inherited) @executable_path/Frameworks";
				PRODUCT_BUNDLE_IDENTIFIER = "Organized-Chaos.Word-Flakes";
				PRODUCT_NAME = "$(TARGET_NAME)";
			};
			name = Release;
		};
		494DAF371D43E78100C90E2C /* Debug */ = {
			isa = XCBuildConfiguration;
			buildSettings = {
				BUNDLE_LOADER = "$(TEST_HOST)";
				INFOPLIST_FILE = "Word FlakesTests/Info.plist";
				LD_RUNPATH_SEARCH_PATHS = "$(inherited) @executable_path/Frameworks @loader_path/Frameworks";
				PRODUCT_BUNDLE_IDENTIFIER = "Organized-Chaos.Word-FlakesTests";
				PRODUCT_NAME = "$(TARGET_NAME)";
				TEST_HOST = "$(BUILT_PRODUCTS_DIR)/Word Flakes.app/Word Flakes";
			};
			name = Debug;
		};
		494DAF381D43E78100C90E2C /* Release */ = {
			isa = XCBuildConfiguration;
			buildSettings = {
				BUNDLE_LOADER = "$(TEST_HOST)";
				INFOPLIST_FILE = "Word FlakesTests/Info.plist";
				LD_RUNPATH_SEARCH_PATHS = "$(inherited) @executable_path/Frameworks @loader_path/Frameworks";
				PRODUCT_BUNDLE_IDENTIFIER = "Organized-Chaos.Word-FlakesTests";
				PRODUCT_NAME = "$(TARGET_NAME)";
				TEST_HOST = "$(BUILT_PRODUCTS_DIR)/Word Flakes.app/Word Flakes";
			};
			name = Release;
		};
/* End XCBuildConfiguration section */

/* Begin XCConfigurationList section */
		494DAF111D43E78100C90E2C /* Build configuration list for PBXProject "Word Flakes" */ = {
			isa = XCConfigurationList;
			buildConfigurations = (
				494DAF311D43E78100C90E2C /* Debug */,
				494DAF321D43E78100C90E2C /* Release */,
			);
			defaultConfigurationIsVisible = 0;
			defaultConfigurationName = Release;
		};
		494DAF331D43E78100C90E2C /* Build configuration list for PBXNativeTarget "Word Flakes" */ = {
			isa = XCConfigurationList;
			buildConfigurations = (
				494DAF341D43E78100C90E2C /* Debug */,
				494DAF351D43E78100C90E2C /* Release */,
			);
			defaultConfigurationIsVisible = 0;
		};
		494DAF361D43E78100C90E2C /* Build configuration list for PBXNativeTarget "Word FlakesTests" */ = {
			isa = XCConfigurationList;
			buildConfigurations = (
				494DAF371D43E78100C90E2C /* Debug */,
				494DAF381D43E78100C90E2C /* Release */,
			);
			defaultConfigurationIsVisible = 0;
		};
/* End XCConfigurationList section */
	};
	rootObject = 494DAF0E1D43E78100C90E2C /* Project object */;
}
