// !$*UTF8*$!
{
	archiveVersion = 1;
	classes = {
	};
	objectVersion = 46;
	objects = {

/* Begin PBXBuildFile section */
		493A0A881D4DEB0600A5B374 /* HighScoreController.swift in Sources */ = {isa = PBXBuildFile; fileRef = 493A0A871D4DEB0600A5B374 /* HighScoreController.swift */; };
		494DAF1A1D43E78100C90E2C /* AppDelegate.swift in Sources */ = {isa = PBXBuildFile; fileRef = 494DAF191D43E78100C90E2C /* AppDelegate.swift */; };
		494DAF1C1D43E78100C90E2C /* MainController.swift in Sources */ = {isa = PBXBuildFile; fileRef = 494DAF1B1D43E78100C90E2C /* MainController.swift */; };
		494DAF1F1D43E78100C90E2C /* Main.storyboard in Resources */ = {isa = PBXBuildFile; fileRef = 494DAF1D1D43E78100C90E2C /* Main.storyboard */; };
		494DAF211D43E78100C90E2C /* Assets.xcassets in Resources */ = {isa = PBXBuildFile; fileRef = 494DAF201D43E78100C90E2C /* Assets.xcassets */; };
		494DAF241D43E78100C90E2C /* LaunchScreen.storyboard in Resources */ = {isa = PBXBuildFile; fileRef = 494DAF221D43E78100C90E2C /* LaunchScreen.storyboard */; };
		494DAF2F1D43E78100C90E2C /* Word_FlakesTests.swift in Sources */ = {isa = PBXBuildFile; fileRef = 494DAF2E1D43E78100C90E2C /* Word_FlakesTests.swift */; };
		494DAF3A1D43F89300C90E2C /* WordView.swift in Sources */ = {isa = PBXBuildFile; fileRef = 494DAF391D43F89300C90E2C /* WordView.swift */; };
		494DAF3E1D43FD2600C90E2C /* two_owl.jpg in Resources */ = {isa = PBXBuildFile; fileRef = 494DAF3D1D43FD2600C90E2C /* two_owl.jpg */; };
		494DAF401D44027E00C90E2C /* LetterView.swift in Sources */ = {isa = PBXBuildFile; fileRef = 494DAF3F1D44027E00C90E2C /* LetterView.swift */; };
		494DAF421D45532100C90E2C /* black_background.jpeg in Resources */ = {isa = PBXBuildFile; fileRef = 494DAF411D45532100C90E2C /* black_background.jpeg */; };
		494DAF441D45FAFF00C90E2C /* ExplodeView.swift in Sources */ = {isa = PBXBuildFile; fileRef = 494DAF431D45FAFF00C90E2C /* ExplodeView.swift */; };
		494DAF461D45FB4600C90E2C /* Particle1.png in Resources */ = {isa = PBXBuildFile; fileRef = 494DAF451D45FB4600C90E2C /* Particle1.png */; };
		494DAF481D45FEAB00C90E2C /* blue_marble.jpg in Resources */ = {isa = PBXBuildFile; fileRef = 494DAF471D45FEAA00C90E2C /* blue_marble.jpg */; };
		494DAF4A1D45FFB600C90E2C /* white_marble.jpg in Resources */ = {isa = PBXBuildFile; fileRef = 494DAF491D45FFB600C90E2C /* white_marble.jpg */; };
		494DAF4C1D460CEB00C90E2C /* StarDust.swift in Sources */ = {isa = PBXBuildFile; fileRef = 494DAF4B1D460CEB00C90E2C /* StarDust.swift */; };
		494DAF4E1D46116600C90E2C /* Particles_fire.png in Resources */ = {isa = PBXBuildFile; fileRef = 494DAF4D1D46116600C90E2C /* Particles_fire.png */; };
		494DAF501D46536000C90E2C /* wordList.txt in Resources */ = {isa = PBXBuildFile; fileRef = 494DAF4F1D46536000C90E2C /* wordList.txt */; };
		494DAF521D46A63A00C90E2C /* play_image.png in Resources */ = {isa = PBXBuildFile; fileRef = 494DAF511D46A63A00C90E2C /* play_image.png */; };
		494DAF541D46A64200C90E2C /* back_image.png in Resources */ = {isa = PBXBuildFile; fileRef = 494DAF531D46A64200C90E2C /* back_image.png */; };
		494DAF561D46A9CB00C90E2C /* blue_metal.jpg in Resources */ = {isa = PBXBuildFile; fileRef = 494DAF551D46A9CB00C90E2C /* blue_metal.jpg */; };
		494E67961D4F9FEA00DD46BB /* debugs.swift in Sources */ = {isa = PBXBuildFile; fileRef = 494E67951D4F9FEA00DD46BB /* debugs.swift */; };
		49E951451D47ED0A00A8A108 /* spark.png in Resources */ = {isa = PBXBuildFile; fileRef = 49E951441D47ED0A00A8A108 /* spark.png */; };
		49E951471D4A63FD00A8A108 /* MenuController.swift in Sources */ = {isa = PBXBuildFile; fileRef = 49E951461D4A63FD00A8A108 /* MenuController.swift */; };
		49F2D19C1D515A180089E521 /* MyParticle.sks in Resources */ = {isa = PBXBuildFile; fileRef = 49F2D19B1D515A180089E521 /* MyParticle.sks */; };
/* End PBXBuildFile section */

/* Begin PBXContainerItemProxy section */
		494DAF2B1D43E78100C90E2C /* PBXContainerItemProxy */ = {
			isa = PBXContainerItemProxy;
			containerPortal = 494DAF0E1D43E78100C90E2C /* Project object */;
			proxyType = 1;
			remoteGlobalIDString = 494DAF151D43E78100C90E2C;
			remoteInfo = "Word Flakes";
		};
/* End PBXContainerItemProxy section */

/* Begin PBXFileReference section */
		493A0A871D4DEB0600A5B374 /* HighScoreController.swift */ = {isa = PBXFileReference; fileEncoding = 4; lastKnownFileType = sourcecode.swift; path = HighScoreController.swift; sourceTree = "<group>"; };
		494DAF161D43E78100C90E2C /* Word Flakes.app */ = {isa = PBXFileReference; explicitFileType = wrapper.application; includeInIndex = 0; path = "Word Flakes.app"; sourceTree = BUILT_PRODUCTS_DIR; };
		494DAF191D43E78100C90E2C /* AppDelegate.swift */ = {isa = PBXFileReference; lastKnownFileType = sourcecode.swift; path = AppDelegate.swift; sourceTree = "<group>"; };
		494DAF1B1D43E78100C90E2C /* MainController.swift */ = {isa = PBXFileReference; lastKnownFileType = sourcecode.swift; path = MainController.swift; sourceTree = "<group>"; };
		494DAF1E1D43E78100C90E2C /* Base */ = {isa = PBXFileReference; lastKnownFileType = file.storyboard; name = Base; path = Base.lproj/Main.storyboard; sourceTree = "<group>"; };
		494DAF201D43E78100C90E2C /* Assets.xcassets */ = {isa = PBXFileReference; lastKnownFileType = folder.assetcatalog; path = Assets.xcassets; sourceTree = "<group>"; };
		494DAF231D43E78100C90E2C /* Base */ = {isa = PBXFileReference; lastKnownFileType = file.storyboard; name = Base; path = Base.lproj/LaunchScreen.storyboard; sourceTree = "<group>"; };
		494DAF251D43E78100C90E2C /* Info.plist */ = {isa = PBXFileReference; lastKnownFileType = text.plist.xml; path = Info.plist; sourceTree = "<group>"; };
		494DAF2A1D43E78100C90E2C /* Word FlakesTests.xctest */ = {isa = PBXFileReference; explicitFileType = wrapper.cfbundle; includeInIndex = 0; path = "Word FlakesTests.xctest"; sourceTree = BUILT_PRODUCTS_DIR; };
		494DAF2E1D43E78100C90E2C /* Word_FlakesTests.swift */ = {isa = PBXFileReference; lastKnownFileType = sourcecode.swift; path = Word_FlakesTests.swift; sourceTree = "<group>"; };
		494DAF301D43E78100C90E2C /* Info.plist */ = {isa = PBXFileReference; lastKnownFileType = text.plist.xml; path = Info.plist; sourceTree = "<group>"; };
		494DAF391D43F89300C90E2C /* WordView.swift */ = {isa = PBXFileReference; fileEncoding = 4; lastKnownFileType = sourcecode.swift; path = WordView.swift; sourceTree = "<group>"; };
		494DAF3D1D43FD2600C90E2C /* two_owl.jpg */ = {isa = PBXFileReference; lastKnownFileType = image.jpeg; path = two_owl.jpg; sourceTree = "<group>"; };
		494DAF3F1D44027E00C90E2C /* LetterView.swift */ = {isa = PBXFileReference; fileEncoding = 4; lastKnownFileType = sourcecode.swift; path = LetterView.swift; sourceTree = "<group>"; };
		494DAF411D45532100C90E2C /* black_background.jpeg */ = {isa = PBXFileReference; lastKnownFileType = image.jpeg; path = black_background.jpeg; sourceTree = "<group>"; };
		494DAF431D45FAFF00C90E2C /* ExplodeView.swift */ = {isa = PBXFileReference; fileEncoding = 4; lastKnownFileType = sourcecode.swift; path = ExplodeView.swift; sourceTree = "<group>"; };
		494DAF451D45FB4600C90E2C /* Particle1.png */ = {isa = PBXFileReference; lastKnownFileType = image.png; path = Particle1.png; sourceTree = "<group>"; };
		494DAF471D45FEAA00C90E2C /* blue_marble.jpg */ = {isa = PBXFileReference; lastKnownFileType = image.jpeg; path = blue_marble.jpg; sourceTree = "<group>"; };
		494DAF491D45FFB600C90E2C /* white_marble.jpg */ = {isa = PBXFileReference; lastKnownFileType = image.jpeg; path = white_marble.jpg; sourceTree = "<group>"; };
		494DAF4B1D460CEB00C90E2C /* StarDust.swift */ = {isa = PBXFileReference; fileEncoding = 4; lastKnownFileType = sourcecode.swift; path = StarDust.swift; sourceTree = "<group>"; };
		494DAF4D1D46116600C90E2C /* Particles_fire.png */ = {isa = PBXFileReference; lastKnownFileType = image.png; path = Particles_fire.png; sourceTree = "<group>"; };
		494DAF4F1D46536000C90E2C /* wordList.txt */ = {isa = PBXFileReference; fileEncoding = 4; lastKnownFileType = text; path = wordList.txt; sourceTree = "<group>"; };
		494DAF511D46A63A00C90E2C /* play_image.png */ = {isa = PBXFileReference; lastKnownFileType = image.png; path = play_image.png; sourceTree = "<group>"; };
		494DAF531D46A64200C90E2C /* back_image.png */ = {isa = PBXFileReference; lastKnownFileType = image.png; path = back_image.png; sourceTree = "<group>"; };
		494DAF551D46A9CB00C90E2C /* blue_metal.jpg */ = {isa = PBXFileReference; lastKnownFileType = image.jpeg; path = blue_metal.jpg; sourceTree = "<group>"; };
		494E67951D4F9FEA00DD46BB /* debugs.swift */ = {isa = PBXFileReference; fileEncoding = 4; lastKnownFileType = sourcecode.swift; name = debugs.swift; path = ../debugs.swift; sourceTree = "<group>"; };
		49E951441D47ED0A00A8A108 /* spark.png */ = {isa = PBXFileReference; lastKnownFileType = image.png; path = spark.png; sourceTree = "<group>"; };
		49E951461D4A63FD00A8A108 /* MenuController.swift */ = {isa = PBXFileReference; fileEncoding = 4; lastKnownFileType = sourcecode.swift; path = MenuController.swift; sourceTree = "<group>"; };
		49F2D19B1D515A180089E521 /* MyParticle.sks */ = {isa = PBXFileReference; lastKnownFileType = file.sks; path = MyParticle.sks; sourceTree = "<group>"; };
/* End PBXFileReference section */

/* Begin PBXFrameworksBuildPhase section */
		494DAF131D43E78100C90E2C /* Frameworks */ = {
			isa = PBXFrameworksBuildPhase;
			buildActionMask = 2147483647;
			files = (
			);
			runOnlyForDeploymentPostprocessing = 0;
		};
		494DAF271D43E78100C90E2C /* Frameworks */ = {
			isa = PBXFrameworksBuildPhase;
			buildActionMask = 2147483647;
			files = (
			);
			runOnlyForDeploymentPostprocessing = 0;
		};
/* End PBXFrameworksBuildPhase section */

/* Begin PBXGroup section */
		494DAF0D1D43E78100C90E2C = {
			isa = PBXGroup;
			children = (
				494DAF181D43E78100C90E2C /* Word Flakes */,
				494DAF2D1D43E78100C90E2C /* Word FlakesTests */,
				494DAF171D43E78100C90E2C /* Products */,
			);
			sourceTree = "<group>";
		};
		494DAF171D43E78100C90E2C /* Products */ = {
			isa = PBXGroup;
			children = (
				494DAF161D43E78100C90E2C /* Word Flakes.app */,
				494DAF2A1D43E78100C90E2C /* Word FlakesTests.xctest */,
			);
			name = Products;
			sourceTree = "<group>";
		};
		494DAF181D43E78100C90E2C /* Word Flakes */ = {
			isa = PBXGroup;
			children = (
				494E67951D4F9FEA00DD46BB /* debugs.swift */,
				494DAF411D45532100C90E2C /* black_background.jpeg */,
				494DAF191D43E78100C90E2C /* AppDelegate.swift */,
				49E951461D4A63FD00A8A108 /* MenuController.swift */,
				493A0A871D4DEB0600A5B374 /* HighScoreController.swift */,
				494DAF1B1D43E78100C90E2C /* MainController.swift */,
				494DAF1D1D43E78100C90E2C /* Main.storyboard */,
				494DAF3F1D44027E00C90E2C /* LetterView.swift */,
				49F2D19B1D515A180089E521 /* MyParticle.sks */,
				494DAF4D1D46116600C90E2C /* Particles_fire.png */,
				494DAF4B1D460CEB00C90E2C /* StarDust.swift */,
				494DAF391D43F89300C90E2C /* WordView.swift */,
				494DAF431D45FAFF00C90E2C /* ExplodeView.swift */,
				494DAF201D43E78100C90E2C /* Assets.xcassets */,
				49E951441D47ED0A00A8A108 /* spark.png */,
				494DAF4F1D46536000C90E2C /* wordList.txt */,
				494DAF551D46A9CB00C90E2C /* blue_metal.jpg */,
				494DAF451D45FB4600C90E2C /* Particle1.png */,
				494DAF3D1D43FD2600C90E2C /* two_owl.jpg */,
				494DAF471D45FEAA00C90E2C /* blue_marble.jpg */,
				494DAF511D46A63A00C90E2C /* play_image.png */,
				494DAF531D46A64200C90E2C /* back_image.png */,
				494DAF491D45FFB600C90E2C /* white_marble.jpg */,
				494DAF221D43E78100C90E2C /* LaunchScreen.storyboard */,
				494DAF251D43E78100C90E2C /* Info.plist */,
			);
			path = "Word Flakes";
			sourceTree = "<group>";
		};
		494DAF2D1D43E78100C90E2C /* Word FlakesTests */ = {
			isa = PBXGroup;
			children = (
				494DAF2E1D43E78100C90E2C /* Word_FlakesTests.swift */,
				494DAF301D43E78100C90E2C /* Info.plist */,
			);
			path = "Word FlakesTests";
			sourceTree = "<group>";
		};
/* End PBXGroup section */

/* Begin PBXNativeTarget section */
		494DAF151D43E78100C90E2C /* Word Flakes */ = {
			isa = PBXNativeTarget;
			buildConfigurationList = 494DAF331D43E78100C90E2C /* Build configuration list for PBXNativeTarget "Word Flakes" */;
			buildPhases = (
				494DAF121D43E78100C90E2C /* Sources */,
				494DAF131D43E78100C90E2C /* Frameworks */,
				494DAF141D43E78100C90E2C /* Resources */,
			);
			buildRules = (
			);
			dependencies = (
			);
			name = "Word Flakes";
			productName = "Word Flakes";
			productReference = 494DAF161D43E78100C90E2C /* Word Flakes.app */;
			productType = "com.apple.product-type.application";
		};
		494DAF291D43E78100C90E2C /* Word FlakesTests */ = {
			isa = PBXNativeTarget;
			buildConfigurationList = 494DAF361D43E78100C90E2C /* Build configuration list for PBXNativeTarget "Word FlakesTests" */;
			buildPhases = (
				494DAF261D43E78100C90E2C /* Sources */,
				494DAF271D43E78100C90E2C /* Frameworks */,
				494DAF281D43E78100C90E2C /* Resources */,
			);
			buildRules = (
			);
			dependencies = (
				494DAF2C1D43E78100C90E2C /* PBXTargetDependency */,
			);
			name = "Word FlakesTests";
			productName = "Word FlakesTests";
			productReference = 494DAF2A1D43E78100C90E2C /* Word FlakesTests.xctest */;
			productType = "com.apple.product-type.bundle.unit-test";
		};
/* End PBXNativeTarget section */

/* Begin PBXProject section */
		494DAF0E1D43E78100C90E2C /* Project object */ = {
			isa = PBXProject;
			attributes = {
				LastSwiftUpdateCheck = 0730;
				LastUpgradeCheck = 0730;
				ORGANIZATIONNAME = "Organized Chaos";
				TargetAttributes = {
					494DAF151D43E78100C90E2C = {
						CreatedOnToolsVersion = 7.3.1;
						DevelopmentTeam = Z83J76LC2A;
					};
					494DAF291D43E78100C90E2C = {
						CreatedOnToolsVersion = 7.3.1;
						TestTargetID = 494DAF151D43E78100C90E2C;
					};
				};
			};
			buildConfigurationList = 494DAF111D43E78100C90E2C /* Build configuration list for PBXProject "Word Flakes" */;
			compatibilityVersion = "Xcode 3.2";
			developmentRegion = English;
			hasScannedForEncodings = 0;
			knownRegions = (
				en,
				Base,
			);
			mainGroup = 494DAF0D1D43E78100C90E2C;
			productRefGroup = 494DAF171D43E78100C90E2C /* Products */;
			projectDirPath = "";
			projectRoot = "";
			targets = (
				494DAF151D43E78100C90E2C /* Word Flakes */,
				494DAF291D43E78100C90E2C /* Word FlakesTests */,
			);
		};
/* End PBXProject section */

/* Begin PBXResourcesBuildPhase section */
		494DAF141D43E78100C90E2C /* Resources */ = {
			isa = PBXResourcesBuildPhase;
			buildActionMask = 2147483647;
			files = (
				494DAF241D43E78100C90E2C /* LaunchScreen.storyboard in Resources */,
				494DAF3E1D43FD2600C90E2C /* two_owl.jpg in Resources */,
				494DAF4A1D45FFB600C90E2C /* white_marble.jpg in Resources */,
				49E951451D47ED0A00A8A108 /* spark.png in Resources */,
				49F2D19C1D515A180089E521 /* MyParticle.sks in Resources */,
				494DAF421D45532100C90E2C /* black_background.jpeg in Resources */,
				494DAF461D45FB4600C90E2C /* Particle1.png in Resources */,
				494DAF4E1D46116600C90E2C /* Particles_fire.png in Resources */,
				494DAF501D46536000C90E2C /* wordList.txt in Resources */,
				494DAF481D45FEAB00C90E2C /* blue_marble.jpg in Resources */,
				494DAF561D46A9CB00C90E2C /* blue_metal.jpg in Resources */,
				494DAF541D46A64200C90E2C /* back_image.png in Resources */,
				494DAF521D46A63A00C90E2C /* play_image.png in Resources */,
				494DAF211D43E78100C90E2C /* Assets.xcassets in Resources */,
				494DAF1F1D43E78100C90E2C /* Main.storyboard in Resources */,
			);
			runOnlyForDeploymentPostprocessing = 0;
		};
		494DAF281D43E78100C90E2C /* Resources */ = {
			isa = PBXResourcesBuildPhase;
			buildActionMask = 2147483647;
			files = (
			);
			runOnlyForDeploymentPostprocessing = 0;
		};
/* End PBXResourcesBuildPhase section */

/* Begin PBXSourcesBuildPhase section */
		494DAF121D43E78100C90E2C /* Sources */ = {
			isa = PBXSourcesBuildPhase;
			buildActionMask = 2147483647;
			files = (
				494DAF1C1D43E78100C90E2C /* MainController.swift in Sources */,
				494DAF4C1D460CEB00C90E2C /* StarDust.swift in Sources */,
				494DAF441D45FAFF00C90E2C /* ExplodeView.swift in Sources */,
				494DAF1A1D43E78100C90E2C /* AppDelegate.swift in Sources */,
				493A0A881D4DEB0600A5B374 /* HighScoreController.swift in Sources */,
				49E951471D4A63FD00A8A108 /* MenuController.swift in Sources */,
				494E67961D4F9FEA00DD46BB /* debugs.swift in Sources */,
				494DAF3A1D43F89300C90E2C /* WordView.swift in Sources */,
				494DAF401D44027E00C90E2C /* LetterView.swift in Sources */,
			);
			runOnlyForDeploymentPostprocessing = 0;
		};
		494DAF261D43E78100C90E2C /* Sources */ = {
			isa = PBXSourcesBuildPhase;
			buildActionMask = 2147483647;
			files = (
				494DAF2F1D43E78100C90E2C /* Word_FlakesTests.swift in Sources */,
			);
			runOnlyForDeploymentPostprocessing = 0;
		};
/* End PBXSourcesBuildPhase section */

/* Begin PBXTargetDependency section */
		494DAF2C1D43E78100C90E2C /* PBXTargetDependency */ = {
			isa = PBXTargetDependency;
			target = 494DAF151D43E78100C90E2C /* Word Flakes */;
			targetProxy = 494DAF2B1D43E78100C90E2C /* PBXContainerItemProxy */;
		};
/* End PBXTargetDependency section */

/* Begin PBXVariantGroup section */
		494DAF1D1D43E78100C90E2C /* Main.storyboard */ = {
			isa = PBXVariantGroup;
			children = (
				494DAF1E1D43E78100C90E2C /* Base */,
			);
			name = Main.storyboard;
			sourceTree = "<group>";
		};
		494DAF221D43E78100C90E2C /* LaunchScreen.storyboard */ = {
			isa = PBXVariantGroup;
			children = (
				494DAF231D43E78100C90E2C /* Base */,
			);
			name = LaunchScreen.storyboard;
			sourceTree = "<group>";
		};
/* End PBXVariantGroup section */

/* Begin XCBuildConfiguration section */
		494DAF311D43E78100C90E2C /* Debug */ = {
			isa = XCBuildConfiguration;
			buildSettings = {
				ALWAYS_SEARCH_USER_PATHS = NO;
				CLANG_ANALYZER_NONNULL = YES;
				CLANG_CXX_LANGUAGE_STANDARD = "gnu++0x";
				CLANG_CXX_LIBRARY = "libc++";
				CLANG_ENABLE_MODULES = YES;
				CLANG_ENABLE_OBJC_ARC = YES;
				CLANG_WARN_BOOL_CONVERSION = YES;
				CLANG_WARN_CONSTANT_CONVERSION = YES;
				CLANG_WARN_DIRECT_OBJC_ISA_USAGE = YES_ERROR;
				CLANG_WARN_EMPTY_BODY = YES;
				CLANG_WARN_ENUM_CONVERSION = YES;
				CLANG_WARN_INT_CONVERSION = YES;
				CLANG_WARN_OBJC_ROOT_CLASS = YES_ERROR;
				CLANG_WARN_UNREACHABLE_CODE = YES;
				CLANG_WARN__DUPLICATE_METHOD_MATCH = YES;
				"CODE_SIGN_IDENTITY[sdk=iphoneos*]" = "iPhone Developer";
				COPY_PHASE_STRIP = NO;
				DEBUG_INFORMATION_FORMAT = dwarf;
				ENABLE_STRICT_OBJC_MSGSEND = YES;
				ENABLE_TESTABILITY = YES;
				GCC_C_LANGUAGE_STANDARD = gnu99;
				GCC_DYNAMIC_NO_PIC = NO;
				GCC_NO_COMMON_BLOCKS = YES;
				GCC_OPTIMIZATION_LEVEL = 0;
				GCC_PREPROCESSOR_DEFINITIONS = (
					"DEBUG=1",
					"$(inherited)",
				);
				GCC_WARN_64_TO_32_BIT_CONVERSION = YES;
				GCC_WARN_ABOUT_RETURN_TYPE = YES_ERROR;
				GCC_WARN_UNDECLARED_SELECTOR = YES;
				GCC_WARN_UNINITIALIZED_AUTOS = YES_AGGRESSIVE;
				GCC_WARN_UNUSED_FUNCTION = YES;
				GCC_WARN_UNUSED_VARIABLE = YES;
				IPHONEOS_DEPLOYMENT_TARGET = 9.3;
				MTL_ENABLE_DEBUG_INFO = YES;
				ONLY_ACTIVE_ARCH = YES;
				SDKROOT = iphoneos;
				SWIFT_OPTIMIZATION_LEVEL = "-Onone";
				TARGETED_DEVICE_FAMILY = "1,2";
			};
			name = Debug;
		};
		494DAF321D43E78100C90E2C /* Release */ = {
			isa = XCBuildConfiguration;
			buildSettings = {
				ALWAYS_SEARCH_USER_PATHS = NO;
				CLANG_ANALYZER_NONNULL = YES;
				CLANG_CXX_LANGUAGE_STANDARD = "gnu++0x";
				CLANG_CXX_LIBRARY = "libc++";
				CLANG_ENABLE_MODULES = YES;
				CLANG_ENABLE_OBJC_ARC = YES;
				CLANG_WARN_BOOL_CONVERSION = YES;
				CLANG_WARN_CONSTANT_CONVERSION = YES;
				CLANG_WARN_DIRECT_OBJC_ISA_USAGE = YES_ERROR;
				CLANG_WARN_EMPTY_BODY = YES;
				CLANG_WARN_ENUM_CONVERSION = YES;
				CLANG_WARN_INT_CONVERSION = YES;
				CLANG_WARN_OBJC_ROOT_CLASS = YES_ERROR;
				CLANG_WARN_UNREACHABLE_CODE = YES;
				CLANG_WARN__DUPLICATE_METHOD_MATCH = YES;
				"CODE_SIGN_IDENTITY[sdk=iphoneos*]" = "iPhone Developer";
				COPY_PHASE_STRIP = NO;
				DEBUG_INFORMATION_FORMAT = "dwarf-with-dsym";
				ENABLE_NS_ASSERTIONS = NO;
				ENABLE_STRICT_OBJC_MSGSEND = YES;
				GCC_C_LANGUAGE_STANDARD = gnu99;
				GCC_NO_COMMON_BLOCKS = YES;
				GCC_WARN_64_TO_32_BIT_CONVERSION = YES;
				GCC_WARN_ABOUT_RETURN_TYPE = YES_ERROR;
				GCC_WARN_UNDECLARED_SELECTOR = YES;
				GCC_WARN_UNINITIALIZED_AUTOS = YES_AGGRESSIVE;
				GCC_WARN_UNUSED_FUNCTION = YES;
				GCC_WARN_UNUSED_VARIABLE = YES;
				IPHONEOS_DEPLOYMENT_TARGET = 9.3;
				MTL_ENABLE_DEBUG_INFO = NO;
				SDKROOT = iphoneos;
				TARGETED_DEVICE_FAMILY = "1,2";
				VALIDATE_PRODUCT = YES;
			};
			name = Release;
		};
		494DAF341D43E78100C90E2C /* Debug */ = {
			isa = XCBuildConfiguration;
			buildSettings = {
				ASSETCATALOG_COMPILER_APPICON_NAME = AppIcon;
				CODE_SIGN_IDENTITY = "iPhone Developer";
				"CODE_SIGN_IDENTITY[sdk=iphoneos*]" = "iPhone Developer";
				INFOPLIST_FILE = "Word Flakes/Info.plist";
				LD_RUNPATH_SEARCH_PATHS = "$(inherited) @executable_path/Frameworks";
				PRODUCT_BUNDLE_IDENTIFIER = "Organized-Chaos.Word-Flakes";
				PRODUCT_NAME = "$(TARGET_NAME)";
				PROVISIONING_PROFILE = "";
			};
			name = Debug;
		};
		494DAF351D43E78100C90E2C /* Release */ = {
			isa = XCBuildConfiguration;
			buildSettings = {
				ASSETCATALOG_COMPILER_APPICON_NAME = AppIcon;
				CODE_SIGN_IDENTITY = "iPhone Developer";
				"CODE_SIGN_IDENTITY[sdk=iphoneos*]" = "iPhone Developer";
				INFOPLIST_FILE = "Word Flakes/Info.plist";
				LD_RUNPATH_SEARCH_PATHS = "$(inherited) @executable_path/Frameworks";
				PRODUCT_BUNDLE_IDENTIFIER = "Organized-Chaos.Word-Flakes";
				PRODUCT_NAME = "$(TARGET_NAME)";
				PROVISIONING_PROFILE = "";
			};
			name = Release;
		};
		494DAF371D43E78100C90E2C /* Debug */ = {
			isa = XCBuildConfiguration;
			buildSettings = {
				BUNDLE_LOADER = "$(TEST_HOST)";
				INFOPLIST_FILE = "Word FlakesTests/Info.plist";
				LD_RUNPATH_SEARCH_PATHS = "$(inherited) @executable_path/Frameworks @loader_path/Frameworks";
				PRODUCT_BUNDLE_IDENTIFIER = "Organized-Chaos.Word-FlakesTests";
				PRODUCT_NAME = "$(TARGET_NAME)";
				TEST_HOST = "$(BUILT_PRODUCTS_DIR)/Word Flakes.app/Word Flakes";
			};
			name = Debug;
		};
		494DAF381D43E78100C90E2C /* Release */ = {
			isa = XCBuildConfiguration;
			buildSettings = {
				BUNDLE_LOADER = "$(TEST_HOST)";
				INFOPLIST_FILE = "Word FlakesTests/Info.plist";
				LD_RUNPATH_SEARCH_PATHS = "$(inherited) @executable_path/Frameworks @loader_path/Frameworks";
				PRODUCT_BUNDLE_IDENTIFIER = "Organized-Chaos.Word-FlakesTests";
				PRODUCT_NAME = "$(TARGET_NAME)";
				TEST_HOST = "$(BUILT_PRODUCTS_DIR)/Word Flakes.app/Word Flakes";
			};
			name = Release;
		};
/* End XCBuildConfiguration section */

/* Begin XCConfigurationList section */
		494DAF111D43E78100C90E2C /* Build configuration list for PBXProject "Word Flakes" */ = {
			isa = XCConfigurationList;
			buildConfigurations = (
				494DAF311D43E78100C90E2C /* Debug */,
				494DAF321D43E78100C90E2C /* Release */,
			);
			defaultConfigurationIsVisible = 0;
			defaultConfigurationName = Release;
		};
		494DAF331D43E78100C90E2C /* Build configuration list for PBXNativeTarget "Word Flakes" */ = {
			isa = XCConfigurationList;
			buildConfigurations = (
				494DAF341D43E78100C90E2C /* Debug */,
				494DAF351D43E78100C90E2C /* Release */,
			);
			defaultConfigurationIsVisible = 0;
			defaultConfigurationName = Release;
		};
		494DAF361D43E78100C90E2C /* Build configuration list for PBXNativeTarget "Word FlakesTests" */ = {
			isa = XCConfigurationList;
			buildConfigurations = (
				494DAF371D43E78100C90E2C /* Debug */,
				494DAF381D43E78100C90E2C /* Release */,
			);
			defaultConfigurationIsVisible = 0;
			defaultConfigurationName = Release;
		};
/* End XCConfigurationList section */
	};
	rootObject = 494DAF0E1D43E78100C90E2C /* Project object */;
}
